// !$*UTF8*$!
{
	archiveVersion = 1;
	classes = {
	};
	objectVersion = 56;
	objects = {

/* Begin PBXBuildFile section */
		9301EB1129FAA63B00FF83E8 /* SendOrderToApi.swift in Sources */ = {isa = PBXBuildFile; fileRef = 9301EB1029FAA63B00FF83E8 /* SendOrderToApi.swift */; };
		930403872A05B58A00A4C46A /* LoginData.swift in Sources */ = {isa = PBXBuildFile; fileRef = 930403862A05B58A00A4C46A /* LoginData.swift */; };
		930403892A05B7DA00A4C46A /* LoginViewModel.swift in Sources */ = {isa = PBXBuildFile; fileRef = 930403882A05B7DA00A4C46A /* LoginViewModel.swift */; };
		9304038B2A05B80E00A4C46A /* AuthService.swift in Sources */ = {isa = PBXBuildFile; fileRef = 9304038A2A05B80E00A4C46A /* AuthService.swift */; };
		9304038D2A08570000A4C46A /* BigButton.swift in Sources */ = {isa = PBXBuildFile; fileRef = 9304038C2A08570000A4C46A /* BigButton.swift */; };
		930403912A0857F900A4C46A /* CodeEntry.swift in Sources */ = {isa = PBXBuildFile; fileRef = 930403902A0857F900A4C46A /* CodeEntry.swift */; };
		930403942A08583A00A4C46A /* PhoneCountryCodes.json in Resources */ = {isa = PBXBuildFile; fileRef = 930403932A08583A00A4C46A /* PhoneCountryCodes.json */; };
		930403962A08587E00A4C46A /* ProgressStepper.swift in Sources */ = {isa = PBXBuildFile; fileRef = 930403952A08587E00A4C46A /* ProgressStepper.swift */; };
		930403982A0858B100A4C46A /* OnboardingEntryViewModel.swift in Sources */ = {isa = PBXBuildFile; fileRef = 930403972A0858B100A4C46A /* OnboardingEntryViewModel.swift */; };
		9304039A2A08591900A4C46A /* OnboardingCodeEntry.swift in Sources */ = {isa = PBXBuildFile; fileRef = 930403992A08591900A4C46A /* OnboardingCodeEntry.swift */; };
		930403A02A08596200A4C46A /* FontExtension.swift in Sources */ = {isa = PBXBuildFile; fileRef = 9304039C2A08596200A4C46A /* FontExtension.swift */; };
		930403A12A08596200A4C46A /* ImageExtension.swift in Sources */ = {isa = PBXBuildFile; fileRef = 9304039D2A08596200A4C46A /* ImageExtension.swift */; };
		930403A22A08596200A4C46A /* ColorExtension.swift in Sources */ = {isa = PBXBuildFile; fileRef = 9304039E2A08596200A4C46A /* ColorExtension.swift */; };
		930403A32A08596200A4C46A /* StringExtension.swift in Sources */ = {isa = PBXBuildFile; fileRef = 9304039F2A08596200A4C46A /* StringExtension.swift */; };
		930403A52A08597F00A4C46A /* Errors.swift in Sources */ = {isa = PBXBuildFile; fileRef = 930403A42A08597F00A4C46A /* Errors.swift */; };
		930403A72A08599E00A4C46A /* CustomBackButton.swift in Sources */ = {isa = PBXBuildFile; fileRef = 930403A62A08599E00A4C46A /* CustomBackButton.swift */; };
		930403A92A0859B700A4C46A /* PhoneNumEntryView.swift in Sources */ = {isa = PBXBuildFile; fileRef = 930403A82A0859B700A4C46A /* PhoneNumEntryView.swift */; };
		930403AB2A0859F800A4C46A /* Constants.swift in Sources */ = {isa = PBXBuildFile; fileRef = 930403AA2A0859F800A4C46A /* Constants.swift */; };
		930403AD2A085A3600A4C46A /* OnboardingPhoneEntry.swift in Sources */ = {isa = PBXBuildFile; fileRef = 930403AC2A085A3600A4C46A /* OnboardingPhoneEntry.swift */; };
		930403B12A085AB200A4C46A /* OnboardingStart.swift in Sources */ = {isa = PBXBuildFile; fileRef = 930403B02A085AB200A4C46A /* OnboardingStart.swift */; };
		930403B32A085B0800A4C46A /* WindowKey.swift in Sources */ = {isa = PBXBuildFile; fileRef = 930403B22A085B0800A4C46A /* WindowKey.swift */; };
		930403B52A0864C700A4C46A /* ViewRouter.swift in Sources */ = {isa = PBXBuildFile; fileRef = 930403B42A0864C700A4C46A /* ViewRouter.swift */; };
		930403B72A0938A200A4C46A /* NumberAuth.swift in Sources */ = {isa = PBXBuildFile; fileRef = 930403B62A0938A200A4C46A /* NumberAuth.swift */; };
		930403B92A09396500A4C46A /* NumberService.swift in Sources */ = {isa = PBXBuildFile; fileRef = 930403B82A09396500A4C46A /* NumberService.swift */; };
		9308370329F73CF00086200A /* Fuel.swift in Sources */ = {isa = PBXBuildFile; fileRef = 9308370229F73CF00086200A /* Fuel.swift */; };
		9308370829F73D600086200A /* commentViewModel.swift in Sources */ = {isa = PBXBuildFile; fileRef = 9308370729F73D600086200A /* commentViewModel.swift */; };
		9308370A29F73D680086200A /* APIManager.swift in Sources */ = {isa = PBXBuildFile; fileRef = 9308370929F73D680086200A /* APIManager.swift */; };
		9308370C29F73E1B0086200A /* Comments.swift in Sources */ = {isa = PBXBuildFile; fileRef = 9308370B29F73E1B0086200A /* Comments.swift */; };
		9308370E29F73F6B0086200A /* Order.swift in Sources */ = {isa = PBXBuildFile; fileRef = 9308370D29F73F6B0086200A /* Order.swift */; };
		9308371029F743E30086200A /* OrderViewModel.swift in Sources */ = {isa = PBXBuildFile; fileRef = 9308370F29F743E30086200A /* OrderViewModel.swift */; };
		933B0B9F29579FB1000993CB /* LocationMapAnotationView.swift in Sources */ = {isa = PBXBuildFile; fileRef = 933B0B9E29579FB1000993CB /* LocationMapAnotationView.swift */; };
		933B0BA12957A092000993CB /* LocationViewModel.swift in Sources */ = {isa = PBXBuildFile; fileRef = 933B0BA02957A092000993CB /* LocationViewModel.swift */; };
		933B0BA42957A0BE000993CB /* LocationsDataService.swift in Sources */ = {isa = PBXBuildFile; fileRef = 933B0BA32957A0BE000993CB /* LocationsDataService.swift */; };
		933B0BA62957A0F8000993CB /* Location.swift in Sources */ = {isa = PBXBuildFile; fileRef = 933B0BA52957A0F8000993CB /* Location.swift */; };
		933B0BA82957A27E000993CB /* MapPage.swift in Sources */ = {isa = PBXBuildFile; fileRef = 933B0BA72957A27E000993CB /* MapPage.swift */; };
		9364A5662A0473340082F21C /* AuthManager.swift in Sources */ = {isa = PBXBuildFile; fileRef = 9364A5652A0473340082F21C /* AuthManager.swift */; };
		936C34CE295A28EB00BCF4F1 /* TrendView.swift in Sources */ = {isa = PBXBuildFile; fileRef = 936C34CD295A28EB00BCF4F1 /* TrendView.swift */; };
		936C34D1295A52AE00BCF4F1 /* ScalingHeaderScrollView in Frameworks */ = {isa = PBXBuildFile; productRef = 936C34D0295A52AE00BCF4F1 /* ScalingHeaderScrollView */; };
		9374B55F29C9C52400440C4D /* PersonView.swift in Sources */ = {isa = PBXBuildFile; fileRef = 9374B55E29C9C52400440C4D /* PersonView.swift */; };
		9374B56229C9C91100440C4D /* PersonCard.swift in Sources */ = {isa = PBXBuildFile; fileRef = 9374B56129C9C91100440C4D /* PersonCard.swift */; };
		937D99D52962FC54009EB1E2 /* QrCodeViewModel.swift in Sources */ = {isa = PBXBuildFile; fileRef = 937D99D42962FC54009EB1E2 /* QrCodeViewModel.swift */; };
		9382B76F29DF4CB100478601 /* LocationManager.swift in Sources */ = {isa = PBXBuildFile; fileRef = 9382B76E29DF4CB100478601 /* LocationManager.swift */; };
		9382B77229E029F200478601 /* LocationDetailView.swift in Sources */ = {isa = PBXBuildFile; fileRef = 9382B77129E029F200478601 /* LocationDetailView.swift */; };
		939C6DEC29636E7D00F06C7E /* User.swift in Sources */ = {isa = PBXBuildFile; fileRef = 939C6DEB29636E7D00F06C7E /* User.swift */; };
		939C6DEE2963731C00F06C7E /* GoogleService-Info-2.plist in Resources */ = {isa = PBXBuildFile; fileRef = 939C6DED2963731C00F06C7E /* GoogleService-Info-2.plist */; };
		939C6DF1296373FE00F06C7E /* FirebaseAnalytics in Frameworks */ = {isa = PBXBuildFile; productRef = 939C6DF0296373FE00F06C7E /* FirebaseAnalytics */; };
		939C6DF3296373FE00F06C7E /* FirebaseAuth in Frameworks */ = {isa = PBXBuildFile; productRef = 939C6DF2296373FE00F06C7E /* FirebaseAuth */; };
		939C6DF5296373FE00F06C7E /* FirebaseDatabase in Frameworks */ = {isa = PBXBuildFile; productRef = 939C6DF4296373FE00F06C7E /* FirebaseDatabase */; };
		939C6DF7296373FE00F06C7E /* FirebaseStorage in Frameworks */ = {isa = PBXBuildFile; productRef = 939C6DF6296373FE00F06C7E /* FirebaseStorage */; };
		93B4FF462950D43B00F178D7 /* AzsTabBarApp.swift in Sources */ = {isa = PBXBuildFile; fileRef = 93B4FF452950D43B00F178D7 /* AzsTabBarApp.swift */; };
		93B4FF482950D43B00F178D7 /* ContentView.swift in Sources */ = {isa = PBXBuildFile; fileRef = 93B4FF472950D43B00F178D7 /* ContentView.swift */; };
		93B4FF4A2950D43C00F178D7 /* Assets.xcassets in Resources */ = {isa = PBXBuildFile; fileRef = 93B4FF492950D43C00F178D7 /* Assets.xcassets */; };
		93B4FF4D2950D43C00F178D7 /* Preview Assets.xcassets in Resources */ = {isa = PBXBuildFile; fileRef = 93B4FF4C2950D43C00F178D7 /* Preview Assets.xcassets */; };
		93B4FF572950D4B800F178D7 /* BaseView.swift in Sources */ = {isa = PBXBuildFile; fileRef = 93B4FF562950D4B800F178D7 /* BaseView.swift */; };
		93B4FF592950D4E000F178D7 /* BaseViewModel.swift in Sources */ = {isa = PBXBuildFile; fileRef = 93B4FF582950D4E000F178D7 /* BaseViewModel.swift */; };
		93B4FF5B2950E77900F178D7 /* CustomCurveShape.swift in Sources */ = {isa = PBXBuildFile; fileRef = 93B4FF5A2950E77900F178D7 /* CustomCurveShape.swift */; };
		93D5BD4729E196FD0027A9D3 /* RefuelingView.swift in Sources */ = {isa = PBXBuildFile; fileRef = 93D5BD4629E196FD0027A9D3 /* RefuelingView.swift */; };
		93D5BD4929E1A2D50027A9D3 /* RefuelingSlider.swift in Sources */ = {isa = PBXBuildFile; fileRef = 93D5BD4829E1A2D50027A9D3 /* RefuelingSlider.swift */; };
		93D5BD6729E2FDF10027A9D3 /* SelectColumn.swift in Sources */ = {isa = PBXBuildFile; fileRef = 93D5BD6629E2FDF10027A9D3 /* SelectColumn.swift */; };
		93D5BD6A29E42B030027A9D3 /* HomeView.swift in Sources */ = {isa = PBXBuildFile; fileRef = 93D5BD6929E42B030027A9D3 /* HomeView.swift */; };
		93D5BD6E29E42CD10027A9D3 /* UserViewModel.swift in Sources */ = {isa = PBXBuildFile; fileRef = 93D5BD6D29E42CD10027A9D3 /* UserViewModel.swift */; };
		93D5BD7029E43EC80027A9D3 /* CustomCarousel.swift in Sources */ = {isa = PBXBuildFile; fileRef = 93D5BD6F29E43EC80027A9D3 /* CustomCarousel.swift */; };
		93D5BD7229E45A310027A9D3 /* Products.swift in Sources */ = {isa = PBXBuildFile; fileRef = 93D5BD7129E45A310027A9D3 /* Products.swift */; };
		93D5BD7429E468300027A9D3 /* DetailViewProduct.swift in Sources */ = {isa = PBXBuildFile; fileRef = 93D5BD7329E468300027A9D3 /* DetailViewProduct.swift */; };
		93D5BD7629E49B9C0027A9D3 /* CustomCorner.swift in Sources */ = {isa = PBXBuildFile; fileRef = 93D5BD7529E49B9C0027A9D3 /* CustomCorner.swift */; };
		93E8934429623E620077BDD0 /* QrCodeView.swift in Sources */ = {isa = PBXBuildFile; fileRef = 93E8934329623E620077BDD0 /* QrCodeView.swift */; };
		93F5A48A2958F6AA00A031B9 /* PromoView.swift in Sources */ = {isa = PBXBuildFile; fileRef = 93F5A4892958F6AA00A031B9 /* PromoView.swift */; };
		93F5A48C2958F6F700A031B9 /* Promo.swift in Sources */ = {isa = PBXBuildFile; fileRef = 93F5A48B2958F6F700A031B9 /* Promo.swift */; };
		93F5A48F2958FD3900A031B9 /* PromoOpen.swift in Sources */ = {isa = PBXBuildFile; fileRef = 93F5A48E2958FD3900A031B9 /* PromoOpen.swift */; };
/* End PBXBuildFile section */

/* Begin PBXFileReference section */
		9301EB1029FAA63B00FF83E8 /* SendOrderToApi.swift */ = {isa = PBXFileReference; lastKnownFileType = sourcecode.swift; path = SendOrderToApi.swift; sourceTree = "<group>"; };
		930403862A05B58A00A4C46A /* LoginData.swift */ = {isa = PBXFileReference; lastKnownFileType = sourcecode.swift; path = LoginData.swift; sourceTree = "<group>"; };
		930403882A05B7DA00A4C46A /* LoginViewModel.swift */ = {isa = PBXFileReference; lastKnownFileType = sourcecode.swift; path = LoginViewModel.swift; sourceTree = "<group>"; };
		9304038A2A05B80E00A4C46A /* AuthService.swift */ = {isa = PBXFileReference; lastKnownFileType = sourcecode.swift; path = AuthService.swift; sourceTree = "<group>"; };
		9304038C2A08570000A4C46A /* BigButton.swift */ = {isa = PBXFileReference; lastKnownFileType = sourcecode.swift; path = BigButton.swift; sourceTree = "<group>"; };
		930403902A0857F900A4C46A /* CodeEntry.swift */ = {isa = PBXFileReference; lastKnownFileType = sourcecode.swift; path = CodeEntry.swift; sourceTree = "<group>"; };
		930403932A08583A00A4C46A /* PhoneCountryCodes.json */ = {isa = PBXFileReference; fileEncoding = 4; lastKnownFileType = text.json; path = PhoneCountryCodes.json; sourceTree = "<group>"; };
		930403952A08587E00A4C46A /* ProgressStepper.swift */ = {isa = PBXFileReference; lastKnownFileType = sourcecode.swift; path = ProgressStepper.swift; sourceTree = "<group>"; };
		930403972A0858B100A4C46A /* OnboardingEntryViewModel.swift */ = {isa = PBXFileReference; lastKnownFileType = sourcecode.swift; path = OnboardingEntryViewModel.swift; sourceTree = "<group>"; };
		930403992A08591900A4C46A /* OnboardingCodeEntry.swift */ = {isa = PBXFileReference; lastKnownFileType = sourcecode.swift; path = OnboardingCodeEntry.swift; sourceTree = "<group>"; };
		9304039C2A08596200A4C46A /* FontExtension.swift */ = {isa = PBXFileReference; fileEncoding = 4; lastKnownFileType = sourcecode.swift; path = FontExtension.swift; sourceTree = "<group>"; };
		9304039D2A08596200A4C46A /* ImageExtension.swift */ = {isa = PBXFileReference; fileEncoding = 4; lastKnownFileType = sourcecode.swift; path = ImageExtension.swift; sourceTree = "<group>"; };
		9304039E2A08596200A4C46A /* ColorExtension.swift */ = {isa = PBXFileReference; fileEncoding = 4; lastKnownFileType = sourcecode.swift; path = ColorExtension.swift; sourceTree = "<group>"; };
		9304039F2A08596200A4C46A /* StringExtension.swift */ = {isa = PBXFileReference; fileEncoding = 4; lastKnownFileType = sourcecode.swift; path = StringExtension.swift; sourceTree = "<group>"; };
		930403A42A08597F00A4C46A /* Errors.swift */ = {isa = PBXFileReference; fileEncoding = 4; lastKnownFileType = sourcecode.swift; path = Errors.swift; sourceTree = "<group>"; };
		930403A62A08599E00A4C46A /* CustomBackButton.swift */ = {isa = PBXFileReference; lastKnownFileType = sourcecode.swift; path = CustomBackButton.swift; sourceTree = "<group>"; };
		930403A82A0859B700A4C46A /* PhoneNumEntryView.swift */ = {isa = PBXFileReference; lastKnownFileType = sourcecode.swift; path = PhoneNumEntryView.swift; sourceTree = "<group>"; };
		930403AA2A0859F800A4C46A /* Constants.swift */ = {isa = PBXFileReference; fileEncoding = 4; lastKnownFileType = sourcecode.swift; path = Constants.swift; sourceTree = "<group>"; };
		930403AC2A085A3600A4C46A /* OnboardingPhoneEntry.swift */ = {isa = PBXFileReference; lastKnownFileType = sourcecode.swift; path = OnboardingPhoneEntry.swift; sourceTree = "<group>"; };
		930403B02A085AB200A4C46A /* OnboardingStart.swift */ = {isa = PBXFileReference; lastKnownFileType = sourcecode.swift; path = OnboardingStart.swift; sourceTree = "<group>"; };
		930403B22A085B0800A4C46A /* WindowKey.swift */ = {isa = PBXFileReference; lastKnownFileType = sourcecode.swift; path = WindowKey.swift; sourceTree = "<group>"; };
		930403B42A0864C700A4C46A /* ViewRouter.swift */ = {isa = PBXFileReference; lastKnownFileType = sourcecode.swift; path = ViewRouter.swift; sourceTree = "<group>"; };
		930403B62A0938A200A4C46A /* NumberAuth.swift */ = {isa = PBXFileReference; lastKnownFileType = sourcecode.swift; path = NumberAuth.swift; sourceTree = "<group>"; };
		930403B82A09396500A4C46A /* NumberService.swift */ = {isa = PBXFileReference; lastKnownFileType = sourcecode.swift; path = NumberService.swift; sourceTree = "<group>"; };
		9308370229F73CF00086200A /* Fuel.swift */ = {isa = PBXFileReference; fileEncoding = 4; lastKnownFileType = sourcecode.swift; path = Fuel.swift; sourceTree = "<group>"; };
		9308370729F73D600086200A /* commentViewModel.swift */ = {isa = PBXFileReference; fileEncoding = 4; lastKnownFileType = sourcecode.swift; path = commentViewModel.swift; sourceTree = "<group>"; };
		9308370929F73D680086200A /* APIManager.swift */ = {isa = PBXFileReference; fileEncoding = 4; lastKnownFileType = sourcecode.swift; path = APIManager.swift; sourceTree = "<group>"; };
		9308370B29F73E1B0086200A /* Comments.swift */ = {isa = PBXFileReference; fileEncoding = 4; lastKnownFileType = sourcecode.swift; path = Comments.swift; sourceTree = "<group>"; };
		9308370D29F73F6B0086200A /* Order.swift */ = {isa = PBXFileReference; lastKnownFileType = sourcecode.swift; path = Order.swift; sourceTree = "<group>"; };
		9308370F29F743E30086200A /* OrderViewModel.swift */ = {isa = PBXFileReference; lastKnownFileType = sourcecode.swift; path = OrderViewModel.swift; sourceTree = "<group>"; };
		933B0B9E29579FB1000993CB /* LocationMapAnotationView.swift */ = {isa = PBXFileReference; lastKnownFileType = sourcecode.swift; path = LocationMapAnotationView.swift; sourceTree = "<group>"; };
		933B0BA02957A092000993CB /* LocationViewModel.swift */ = {isa = PBXFileReference; lastKnownFileType = sourcecode.swift; path = LocationViewModel.swift; sourceTree = "<group>"; };
		933B0BA32957A0BE000993CB /* LocationsDataService.swift */ = {isa = PBXFileReference; lastKnownFileType = sourcecode.swift; path = LocationsDataService.swift; sourceTree = "<group>"; };
		933B0BA52957A0F8000993CB /* Location.swift */ = {isa = PBXFileReference; lastKnownFileType = sourcecode.swift; path = Location.swift; sourceTree = "<group>"; };
		933B0BA72957A27E000993CB /* MapPage.swift */ = {isa = PBXFileReference; lastKnownFileType = sourcecode.swift; path = MapPage.swift; sourceTree = "<group>"; };
		9364A5652A0473340082F21C /* AuthManager.swift */ = {isa = PBXFileReference; lastKnownFileType = sourcecode.swift; path = AuthManager.swift; sourceTree = "<group>"; };
		936C34CD295A28EB00BCF4F1 /* TrendView.swift */ = {isa = PBXFileReference; lastKnownFileType = sourcecode.swift; path = TrendView.swift; sourceTree = "<group>"; };
		9374B55E29C9C52400440C4D /* PersonView.swift */ = {isa = PBXFileReference; lastKnownFileType = sourcecode.swift; path = PersonView.swift; sourceTree = "<group>"; };
		9374B56129C9C91100440C4D /* PersonCard.swift */ = {isa = PBXFileReference; lastKnownFileType = sourcecode.swift; path = PersonCard.swift; sourceTree = "<group>"; };
		937D99D42962FC54009EB1E2 /* QrCodeViewModel.swift */ = {isa = PBXFileReference; lastKnownFileType = sourcecode.swift; path = QrCodeViewModel.swift; sourceTree = "<group>"; };
		9382B76E29DF4CB100478601 /* LocationManager.swift */ = {isa = PBXFileReference; lastKnownFileType = sourcecode.swift; path = LocationManager.swift; sourceTree = "<group>"; };
		9382B77129E029F200478601 /* LocationDetailView.swift */ = {isa = PBXFileReference; lastKnownFileType = sourcecode.swift; path = LocationDetailView.swift; sourceTree = "<group>"; };
		939C6DEB29636E7D00F06C7E /* User.swift */ = {isa = PBXFileReference; lastKnownFileType = sourcecode.swift; path = User.swift; sourceTree = "<group>"; };
		939C6DED2963731C00F06C7E /* GoogleService-Info-2.plist */ = {isa = PBXFileReference; fileEncoding = 4; lastKnownFileType = text.plist.xml; path = "GoogleService-Info-2.plist"; sourceTree = "<group>"; };
		93B4FF422950D43B00F178D7 /* AzsProject.app */ = {isa = PBXFileReference; explicitFileType = wrapper.application; includeInIndex = 0; path = AzsProject.app; sourceTree = BUILT_PRODUCTS_DIR; };
		93B4FF452950D43B00F178D7 /* AzsTabBarApp.swift */ = {isa = PBXFileReference; lastKnownFileType = sourcecode.swift; path = AzsTabBarApp.swift; sourceTree = "<group>"; };
		93B4FF472950D43B00F178D7 /* ContentView.swift */ = {isa = PBXFileReference; lastKnownFileType = sourcecode.swift; path = ContentView.swift; sourceTree = "<group>"; };
		93B4FF492950D43C00F178D7 /* Assets.xcassets */ = {isa = PBXFileReference; lastKnownFileType = folder.assetcatalog; path = Assets.xcassets; sourceTree = "<group>"; };
		93B4FF4C2950D43C00F178D7 /* Preview Assets.xcassets */ = {isa = PBXFileReference; lastKnownFileType = folder.assetcatalog; path = "Preview Assets.xcassets"; sourceTree = "<group>"; };
		93B4FF562950D4B800F178D7 /* BaseView.swift */ = {isa = PBXFileReference; lastKnownFileType = sourcecode.swift; path = BaseView.swift; sourceTree = "<group>"; };
		93B4FF582950D4E000F178D7 /* BaseViewModel.swift */ = {isa = PBXFileReference; lastKnownFileType = sourcecode.swift; path = BaseViewModel.swift; sourceTree = "<group>"; };
		93B4FF5A2950E77900F178D7 /* CustomCurveShape.swift */ = {isa = PBXFileReference; lastKnownFileType = sourcecode.swift; path = CustomCurveShape.swift; sourceTree = "<group>"; };
		93D5BD4629E196FD0027A9D3 /* RefuelingView.swift */ = {isa = PBXFileReference; lastKnownFileType = sourcecode.swift; path = RefuelingView.swift; sourceTree = "<group>"; };
		93D5BD4829E1A2D50027A9D3 /* RefuelingSlider.swift */ = {isa = PBXFileReference; lastKnownFileType = sourcecode.swift; path = RefuelingSlider.swift; sourceTree = "<group>"; };
		93D5BD6629E2FDF10027A9D3 /* SelectColumn.swift */ = {isa = PBXFileReference; lastKnownFileType = sourcecode.swift; path = SelectColumn.swift; sourceTree = "<group>"; };
		93D5BD6929E42B030027A9D3 /* HomeView.swift */ = {isa = PBXFileReference; lastKnownFileType = sourcecode.swift; path = HomeView.swift; sourceTree = "<group>"; };
		93D5BD6D29E42CD10027A9D3 /* UserViewModel.swift */ = {isa = PBXFileReference; lastKnownFileType = sourcecode.swift; path = UserViewModel.swift; sourceTree = "<group>"; };
		93D5BD6F29E43EC80027A9D3 /* CustomCarousel.swift */ = {isa = PBXFileReference; lastKnownFileType = sourcecode.swift; path = CustomCarousel.swift; sourceTree = "<group>"; };
		93D5BD7129E45A310027A9D3 /* Products.swift */ = {isa = PBXFileReference; lastKnownFileType = sourcecode.swift; path = Products.swift; sourceTree = "<group>"; };
		93D5BD7329E468300027A9D3 /* DetailViewProduct.swift */ = {isa = PBXFileReference; lastKnownFileType = sourcecode.swift; path = DetailViewProduct.swift; sourceTree = "<group>"; };
		93D5BD7529E49B9C0027A9D3 /* CustomCorner.swift */ = {isa = PBXFileReference; lastKnownFileType = sourcecode.swift; path = CustomCorner.swift; sourceTree = "<group>"; };
		93E8934329623E620077BDD0 /* QrCodeView.swift */ = {isa = PBXFileReference; lastKnownFileType = sourcecode.swift; path = QrCodeView.swift; sourceTree = "<group>"; };
		93F5A4892958F6AA00A031B9 /* PromoView.swift */ = {isa = PBXFileReference; lastKnownFileType = sourcecode.swift; path = PromoView.swift; sourceTree = "<group>"; };
		93F5A48B2958F6F700A031B9 /* Promo.swift */ = {isa = PBXFileReference; lastKnownFileType = sourcecode.swift; path = Promo.swift; sourceTree = "<group>"; };
		93F5A48E2958FD3900A031B9 /* PromoOpen.swift */ = {isa = PBXFileReference; lastKnownFileType = sourcecode.swift; path = PromoOpen.swift; sourceTree = "<group>"; };
/* End PBXFileReference section */

/* Begin PBXFrameworksBuildPhase section */
		93B4FF3F2950D43B00F178D7 /* Frameworks */ = {
			isa = PBXFrameworksBuildPhase;
			buildActionMask = 2147483647;
			files = (
				939C6DF1296373FE00F06C7E /* FirebaseAnalytics in Frameworks */,
				939C6DF3296373FE00F06C7E /* FirebaseAuth in Frameworks */,
				939C6DF5296373FE00F06C7E /* FirebaseDatabase in Frameworks */,
				939C6DF7296373FE00F06C7E /* FirebaseStorage in Frameworks */,
				936C34D1295A52AE00BCF4F1 /* ScalingHeaderScrollView in Frameworks */,
			);
			runOnlyForDeploymentPostprocessing = 0;
		};
/* End PBXFrameworksBuildPhase section */

/* Begin PBXGroup section */
		930403922A08582C00A4C46A /* Resources */ = {
			isa = PBXGroup;
			children = (
				930403932A08583A00A4C46A /* PhoneCountryCodes.json */,
			);
			path = Resources;
			sourceTree = "<group>";
		};
		9304039B2A08596200A4C46A /* Extension */ = {
			isa = PBXGroup;
			children = (
				9304039C2A08596200A4C46A /* FontExtension.swift */,
				9304039D2A08596200A4C46A /* ImageExtension.swift */,
				9304039E2A08596200A4C46A /* ColorExtension.swift */,
				9304039F2A08596200A4C46A /* StringExtension.swift */,
			);
			path = Extension;
			sourceTree = "<group>";
		};
		9308370629F73D3A0086200A /* api */ = {
			isa = PBXGroup;
			children = (
				9308370729F73D600086200A /* commentViewModel.swift */,
				9308370929F73D680086200A /* APIManager.swift */,
				9301EB1029FAA63B00FF83E8 /* SendOrderToApi.swift */,
				9364A5652A0473340082F21C /* AuthManager.swift */,
				9304038A2A05B80E00A4C46A /* AuthService.swift */,
				930403B82A09396500A4C46A /* NumberService.swift */,
			);
			path = api;
			sourceTree = "<group>";
		};
		933B0BA22957A0AB000993CB /* DataServices */ = {
			isa = PBXGroup;
			children = (
				9382B76E29DF4CB100478601 /* LocationManager.swift */,
				933B0BA32957A0BE000993CB /* LocationsDataService.swift */,
			);
			path = DataServices;
			sourceTree = "<group>";
		};
		9364A5622A0470B00082F21C /* Auth */ = {
			isa = PBXGroup;
			children = (
				9304038C2A08570000A4C46A /* BigButton.swift */,
				930403902A0857F900A4C46A /* CodeEntry.swift */,
				930403952A08587E00A4C46A /* ProgressStepper.swift */,
				930403992A08591900A4C46A /* OnboardingCodeEntry.swift */,
				930403A62A08599E00A4C46A /* CustomBackButton.swift */,
				930403A82A0859B700A4C46A /* PhoneNumEntryView.swift */,
				930403AC2A085A3600A4C46A /* OnboardingPhoneEntry.swift */,
				930403B02A085AB200A4C46A /* OnboardingStart.swift */,
			);
			path = Auth;
			sourceTree = "<group>";
		};
		9374B55D29C9C4FB00440C4D /* Person */ = {
			isa = PBXGroup;
			children = (
				9374B55E29C9C52400440C4D /* PersonView.swift */,
			);
			path = Person;
			sourceTree = "<group>";
		};
		9374B56029C9C90300440C4D /* Details */ = {
			isa = PBXGroup;
			children = (
				9374B56129C9C91100440C4D /* PersonCard.swift */,
			);
			path = Details;
			sourceTree = "<group>";
		};
		9382B77029E029E200478601 /* GasStationDetail */ = {
			isa = PBXGroup;
			children = (
				9382B77129E029F200478601 /* LocationDetailView.swift */,
			);
			path = GasStationDetail;
			sourceTree = "<group>";
		};
		93B4FF392950D43B00F178D7 = {
			isa = PBXGroup;
			children = (
				93B4FF442950D43B00F178D7 /* AzsProjectGroup */,
				93B4FF432950D43B00F178D7 /* Products */,
			);
			sourceTree = "<group>";
		};
		93B4FF432950D43B00F178D7 /* Products */ = {
			isa = PBXGroup;
			children = (
				93B4FF422950D43B00F178D7 /* AzsProject.app */,
			);
			name = Products;
			sourceTree = "<group>";
		};
		93B4FF442950D43B00F178D7 /* AzsProjectGroup */ = {
			isa = PBXGroup;
			children = (
				9304039B2A08596200A4C46A /* Extension */,
				930403922A08582C00A4C46A /* Resources */,
				9308370629F73D3A0086200A /* api */,
				939C6DED2963731C00F06C7E /* GoogleService-Info-2.plist */,
				933B0BA22957A0AB000993CB /* DataServices */,
				93B4FF552950D47F00F178D7 /* ViewModel */,
				93B4FF542950D44D00F178D7 /* View */,
				93B4FF532950D44600F178D7 /* Model */,
				93B4FF452950D43B00F178D7 /* AzsTabBarApp.swift */,
				93B4FF472950D43B00F178D7 /* ContentView.swift */,
				93B4FF492950D43C00F178D7 /* Assets.xcassets */,
				93B4FF4B2950D43C00F178D7 /* Preview Content */,
				93D5BD7529E49B9C0027A9D3 /* CustomCorner.swift */,
			);
			path = AzsProjectGroup;
			sourceTree = "<group>";
		};
		93B4FF4B2950D43C00F178D7 /* Preview Content */ = {
			isa = PBXGroup;
			children = (
				93B4FF4C2950D43C00F178D7 /* Preview Assets.xcassets */,
			);
			path = "Preview Content";
			sourceTree = "<group>";
		};
		93B4FF532950D44600F178D7 /* Model */ = {
			isa = PBXGroup;
			children = (
				930403AA2A0859F800A4C46A /* Constants.swift */,
				930403A42A08597F00A4C46A /* Errors.swift */,
				9308370B29F73E1B0086200A /* Comments.swift */,
				9308370229F73CF00086200A /* Fuel.swift */,
				933B0BA52957A0F8000993CB /* Location.swift */,
				93F5A48B2958F6F700A031B9 /* Promo.swift */,
				939C6DEB29636E7D00F06C7E /* User.swift */,
				93D5BD7129E45A310027A9D3 /* Products.swift */,
				9308370D29F73F6B0086200A /* Order.swift */,
				930403862A05B58A00A4C46A /* LoginData.swift */,
				930403B22A085B0800A4C46A /* WindowKey.swift */,
				930403B62A0938A200A4C46A /* NumberAuth.swift */,
			);
			path = Model;
			sourceTree = "<group>";
		};
		93B4FF542950D44D00F178D7 /* View */ = {
			isa = PBXGroup;
			children = (
				9364A5622A0470B00082F21C /* Auth */,
				93D5BD6829E42AF60027A9D3 /* Home */,
				93D5BD4529E194CA0027A9D3 /* Refueling */,
				9374B56029C9C90300440C4D /* Details */,
				9374B55D29C9C4FB00440C4D /* Person */,
				93E8934229623E4C0077BDD0 /* QrCode */,
				93F5A48D2958FCED00A031B9 /* Promo */,
				93F5A4882958F65A00A031B9 /* TabBar */,
				93F5A4872958F65100A031B9 /* Map */,
				93B4FF562950D4B800F178D7 /* BaseView.swift */,
			);
			path = View;
			sourceTree = "<group>";
		};
		93B4FF552950D47F00F178D7 /* ViewModel */ = {
			isa = PBXGroup;
			children = (
				93B4FF582950D4E000F178D7 /* BaseViewModel.swift */,
				933B0BA02957A092000993CB /* LocationViewModel.swift */,
				937D99D42962FC54009EB1E2 /* QrCodeViewModel.swift */,
				93D5BD6D29E42CD10027A9D3 /* UserViewModel.swift */,
				9308370F29F743E30086200A /* OrderViewModel.swift */,
				930403882A05B7DA00A4C46A /* LoginViewModel.swift */,
				930403972A0858B100A4C46A /* OnboardingEntryViewModel.swift */,
				930403B42A0864C700A4C46A /* ViewRouter.swift */,
			);
			path = ViewModel;
			sourceTree = "<group>";
		};
		93D5BD4529E194CA0027A9D3 /* Refueling */ = {
			isa = PBXGroup;
			children = (
				93D5BD4629E196FD0027A9D3 /* RefuelingView.swift */,
				93D5BD4829E1A2D50027A9D3 /* RefuelingSlider.swift */,
				93D5BD6629E2FDF10027A9D3 /* SelectColumn.swift */,
			);
			path = Refueling;
			sourceTree = "<group>";
		};
		93D5BD6829E42AF60027A9D3 /* Home */ = {
			isa = PBXGroup;
			children = (
				93D5BD6929E42B030027A9D3 /* HomeView.swift */,
				93D5BD6F29E43EC80027A9D3 /* CustomCarousel.swift */,
				93D5BD7329E468300027A9D3 /* DetailViewProduct.swift */,
			);
			path = Home;
			sourceTree = "<group>";
		};
		93E8934229623E4C0077BDD0 /* QrCode */ = {
			isa = PBXGroup;
			children = (
				93E8934329623E620077BDD0 /* QrCodeView.swift */,
			);
			path = QrCode;
			sourceTree = "<group>";
		};
		93F5A4872958F65100A031B9 /* Map */ = {
			isa = PBXGroup;
			children = (
				9382B77029E029E200478601 /* GasStationDetail */,
				933B0B9E29579FB1000993CB /* LocationMapAnotationView.swift */,
				933B0BA72957A27E000993CB /* MapPage.swift */,
			);
			path = Map;
			sourceTree = "<group>";
		};
		93F5A4882958F65A00A031B9 /* TabBar */ = {
			isa = PBXGroup;
			children = (
				93B4FF5A2950E77900F178D7 /* CustomCurveShape.swift */,
			);
			path = TabBar;
			sourceTree = "<group>";
		};
		93F5A48D2958FCED00A031B9 /* Promo */ = {
			isa = PBXGroup;
			children = (
				93F5A4892958F6AA00A031B9 /* PromoView.swift */,
				93F5A48E2958FD3900A031B9 /* PromoOpen.swift */,
				936C34CD295A28EB00BCF4F1 /* TrendView.swift */,
			);
			path = Promo;
			sourceTree = "<group>";
		};
/* End PBXGroup section */

/* Begin PBXNativeTarget section */
		93B4FF412950D43B00F178D7 /* AzsProject */ = {
			isa = PBXNativeTarget;
			buildConfigurationList = 93B4FF502950D43C00F178D7 /* Build configuration list for PBXNativeTarget "AzsProject" */;
			buildPhases = (
				93B4FF3E2950D43B00F178D7 /* Sources */,
				93B4FF3F2950D43B00F178D7 /* Frameworks */,
				93B4FF402950D43B00F178D7 /* Resources */,
			);
			buildRules = (
			);
			dependencies = (
			);
			name = AzsProject;
			packageProductDependencies = (
				936C34D0295A52AE00BCF4F1 /* ScalingHeaderScrollView */,
				939C6DF0296373FE00F06C7E /* FirebaseAnalytics */,
				939C6DF2296373FE00F06C7E /* FirebaseAuth */,
				939C6DF4296373FE00F06C7E /* FirebaseDatabase */,
				939C6DF6296373FE00F06C7E /* FirebaseStorage */,
			);
			productName = AzsTabBar;
			productReference = 93B4FF422950D43B00F178D7 /* AzsProject.app */;
			productType = "com.apple.product-type.application";
		};
/* End PBXNativeTarget section */

/* Begin PBXProject section */
		93B4FF3A2950D43B00F178D7 /* Project object */ = {
			isa = PBXProject;
			attributes = {
				BuildIndependentTargetsInParallel = 1;
				LastSwiftUpdateCheck = 1420;
				LastUpgradeCheck = 1420;
				TargetAttributes = {
					93B4FF412950D43B00F178D7 = {
						CreatedOnToolsVersion = 14.2;
					};
				};
			};
			buildConfigurationList = 93B4FF3D2950D43B00F178D7 /* Build configuration list for PBXProject "AzsProject" */;
			compatibilityVersion = "Xcode 14.0";
			developmentRegion = en;
			hasScannedForEncodings = 0;
			knownRegions = (
				en,
				Base,
			);
			mainGroup = 93B4FF392950D43B00F178D7;
			packageReferences = (
				936C34CF295A52AE00BCF4F1 /* XCRemoteSwiftPackageReference "ScalingHeaderScrollView" */,
				939C6DEF296373FE00F06C7E /* XCRemoteSwiftPackageReference "firebase-ios-sdk" */,
			);
			productRefGroup = 93B4FF432950D43B00F178D7 /* Products */;
			projectDirPath = "";
			projectRoot = "";
			targets = (
				93B4FF412950D43B00F178D7 /* AzsProject */,
			);
		};
/* End PBXProject section */

/* Begin PBXResourcesBuildPhase section */
		93B4FF402950D43B00F178D7 /* Resources */ = {
			isa = PBXResourcesBuildPhase;
			buildActionMask = 2147483647;
			files = (
				93B4FF4D2950D43C00F178D7 /* Preview Assets.xcassets in Resources */,
				93B4FF4A2950D43C00F178D7 /* Assets.xcassets in Resources */,
				930403942A08583A00A4C46A /* PhoneCountryCodes.json in Resources */,
				939C6DEE2963731C00F06C7E /* GoogleService-Info-2.plist in Resources */,
			);
			runOnlyForDeploymentPostprocessing = 0;
		};
/* End PBXResourcesBuildPhase section */

/* Begin PBXSourcesBuildPhase section */
		93B4FF3E2950D43B00F178D7 /* Sources */ = {
			isa = PBXSourcesBuildPhase;
			buildActionMask = 2147483647;
			files = (
				93D5BD4929E1A2D50027A9D3 /* RefuelingSlider.swift in Sources */,
				9308370329F73CF00086200A /* Fuel.swift in Sources */,
				930403AD2A085A3600A4C46A /* OnboardingPhoneEntry.swift in Sources */,
				93D5BD4729E196FD0027A9D3 /* RefuelingView.swift in Sources */,
				9308371029F743E30086200A /* OrderViewModel.swift in Sources */,
				93B4FF572950D4B800F178D7 /* BaseView.swift in Sources */,
				930403A22A08596200A4C46A /* ColorExtension.swift in Sources */,
				930403892A05B7DA00A4C46A /* LoginViewModel.swift in Sources */,
				93D5BD6A29E42B030027A9D3 /* HomeView.swift in Sources */,
				930403962A08587E00A4C46A /* ProgressStepper.swift in Sources */,
				930403982A0858B100A4C46A /* OnboardingEntryViewModel.swift in Sources */,
				93B4FF592950D4E000F178D7 /* BaseViewModel.swift in Sources */,
				93D5BD7029E43EC80027A9D3 /* CustomCarousel.swift in Sources */,
				9364A5662A0473340082F21C /* AuthManager.swift in Sources */,
				930403A12A08596200A4C46A /* ImageExtension.swift in Sources */,
				933B0B9F29579FB1000993CB /* LocationMapAnotationView.swift in Sources */,
				933B0BA82957A27E000993CB /* MapPage.swift in Sources */,
				93B4FF5B2950E77900F178D7 /* CustomCurveShape.swift in Sources */,
				930403872A05B58A00A4C46A /* LoginData.swift in Sources */,
				93F5A48A2958F6AA00A031B9 /* PromoView.swift in Sources */,
				93D5BD6E29E42CD10027A9D3 /* UserViewModel.swift in Sources */,
				930403B72A0938A200A4C46A /* NumberAuth.swift in Sources */,
				930403912A0857F900A4C46A /* CodeEntry.swift in Sources */,
				930403A92A0859B700A4C46A /* PhoneNumEntryView.swift in Sources */,
				933B0BA62957A0F8000993CB /* Location.swift in Sources */,
				939C6DEC29636E7D00F06C7E /* User.swift in Sources */,
				930403A52A08597F00A4C46A /* Errors.swift in Sources */,
				930403A32A08596200A4C46A /* StringExtension.swift in Sources */,
				936C34CE295A28EB00BCF4F1 /* TrendView.swift in Sources */,
				9308370A29F73D680086200A /* APIManager.swift in Sources */,
				9374B55F29C9C52400440C4D /* PersonView.swift in Sources */,
				9308370829F73D600086200A /* commentViewModel.swift in Sources */,
				93F5A48C2958F6F700A031B9 /* Promo.swift in Sources */,
				9301EB1129FAA63B00FF83E8 /* SendOrderToApi.swift in Sources */,
				933B0BA42957A0BE000993CB /* LocationsDataService.swift in Sources */,
				930403A72A08599E00A4C46A /* CustomBackButton.swift in Sources */,
				93D5BD7229E45A310027A9D3 /* Products.swift in Sources */,
				930403B52A0864C700A4C46A /* ViewRouter.swift in Sources */,
				930403A02A08596200A4C46A /* FontExtension.swift in Sources */,
				9382B76F29DF4CB100478601 /* LocationManager.swift in Sources */,
				9304038B2A05B80E00A4C46A /* AuthService.swift in Sources */,
				930403AB2A0859F800A4C46A /* Constants.swift in Sources */,
				93D5BD7429E468300027A9D3 /* DetailViewProduct.swift in Sources */,
				937D99D52962FC54009EB1E2 /* QrCodeViewModel.swift in Sources */,
				93D5BD7629E49B9C0027A9D3 /* CustomCorner.swift in Sources */,
				9308370C29F73E1B0086200A /* Comments.swift in Sources */,
				9304039A2A08591900A4C46A /* OnboardingCodeEntry.swift in Sources */,
				93F5A48F2958FD3900A031B9 /* PromoOpen.swift in Sources */,
				9308370E29F73F6B0086200A /* Order.swift in Sources */,
				9304038D2A08570000A4C46A /* BigButton.swift in Sources */,
				933B0BA12957A092000993CB /* LocationViewModel.swift in Sources */,
				93B4FF482950D43B00F178D7 /* ContentView.swift in Sources */,
				93D5BD6729E2FDF10027A9D3 /* SelectColumn.swift in Sources */,
				93B4FF462950D43B00F178D7 /* AzsTabBarApp.swift in Sources */,
				930403B92A09396500A4C46A /* NumberService.swift in Sources */,
				9374B56229C9C91100440C4D /* PersonCard.swift in Sources */,
				930403B32A085B0800A4C46A /* WindowKey.swift in Sources */,
				930403B12A085AB200A4C46A /* OnboardingStart.swift in Sources */,
				9382B77229E029F200478601 /* LocationDetailView.swift in Sources */,
				93E8934429623E620077BDD0 /* QrCodeView.swift in Sources */,
			);
			runOnlyForDeploymentPostprocessing = 0;
		};
/* End PBXSourcesBuildPhase section */

/* Begin XCBuildConfiguration section */
		93B4FF4E2950D43C00F178D7 /* Debug */ = {
			isa = XCBuildConfiguration;
			buildSettings = {
				ALWAYS_SEARCH_USER_PATHS = NO;
				CLANG_ANALYZER_NONNULL = YES;
				CLANG_ANALYZER_NUMBER_OBJECT_CONVERSION = YES_AGGRESSIVE;
				CLANG_CXX_LANGUAGE_STANDARD = "gnu++20";
				CLANG_ENABLE_MODULES = YES;
				CLANG_ENABLE_OBJC_ARC = YES;
				CLANG_ENABLE_OBJC_WEAK = YES;
				CLANG_WARN_BLOCK_CAPTURE_AUTORELEASING = YES;
				CLANG_WARN_BOOL_CONVERSION = YES;
				CLANG_WARN_COMMA = YES;
				CLANG_WARN_CONSTANT_CONVERSION = YES;
				CLANG_WARN_DEPRECATED_OBJC_IMPLEMENTATIONS = YES;
				CLANG_WARN_DIRECT_OBJC_ISA_USAGE = YES_ERROR;
				CLANG_WARN_DOCUMENTATION_COMMENTS = YES;
				CLANG_WARN_EMPTY_BODY = YES;
				CLANG_WARN_ENUM_CONVERSION = YES;
				CLANG_WARN_INFINITE_RECURSION = YES;
				CLANG_WARN_INT_CONVERSION = YES;
				CLANG_WARN_NON_LITERAL_NULL_CONVERSION = YES;
				CLANG_WARN_OBJC_IMPLICIT_RETAIN_SELF = YES;
				CLANG_WARN_OBJC_LITERAL_CONVERSION = YES;
				CLANG_WARN_OBJC_ROOT_CLASS = YES_ERROR;
				CLANG_WARN_QUOTED_INCLUDE_IN_FRAMEWORK_HEADER = YES;
				CLANG_WARN_RANGE_LOOP_ANALYSIS = YES;
				CLANG_WARN_STRICT_PROTOTYPES = YES;
				CLANG_WARN_SUSPICIOUS_MOVE = YES;
				CLANG_WARN_UNGUARDED_AVAILABILITY = YES_AGGRESSIVE;
				CLANG_WARN_UNREACHABLE_CODE = YES;
				CLANG_WARN__DUPLICATE_METHOD_MATCH = YES;
				COPY_PHASE_STRIP = NO;
				DEBUG_INFORMATION_FORMAT = dwarf;
				ENABLE_STRICT_OBJC_MSGSEND = YES;
				ENABLE_TESTABILITY = YES;
				GCC_C_LANGUAGE_STANDARD = gnu11;
				GCC_DYNAMIC_NO_PIC = NO;
				GCC_NO_COMMON_BLOCKS = YES;
				GCC_OPTIMIZATION_LEVEL = 0;
				GCC_PREPROCESSOR_DEFINITIONS = (
					"DEBUG=1",
					"$(inherited)",
				);
				GCC_WARN_64_TO_32_BIT_CONVERSION = YES;
				GCC_WARN_ABOUT_RETURN_TYPE = YES_ERROR;
				GCC_WARN_UNDECLARED_SELECTOR = YES;
				GCC_WARN_UNINITIALIZED_AUTOS = YES_AGGRESSIVE;
				GCC_WARN_UNUSED_FUNCTION = YES;
				GCC_WARN_UNUSED_VARIABLE = YES;
				IPHONEOS_DEPLOYMENT_TARGET = 15.0;
				MTL_ENABLE_DEBUG_INFO = INCLUDE_SOURCE;
				MTL_FAST_MATH = YES;
				ONLY_ACTIVE_ARCH = YES;
				SDKROOT = iphoneos;
				SWIFT_ACTIVE_COMPILATION_CONDITIONS = DEBUG;
				SWIFT_OPTIMIZATION_LEVEL = "-Onone";
			};
			name = Debug;
		};
		93B4FF4F2950D43C00F178D7 /* Release */ = {
			isa = XCBuildConfiguration;
			buildSettings = {
				ALWAYS_SEARCH_USER_PATHS = NO;
				CLANG_ANALYZER_NONNULL = YES;
				CLANG_ANALYZER_NUMBER_OBJECT_CONVERSION = YES_AGGRESSIVE;
				CLANG_CXX_LANGUAGE_STANDARD = "gnu++20";
				CLANG_ENABLE_MODULES = YES;
				CLANG_ENABLE_OBJC_ARC = YES;
				CLANG_ENABLE_OBJC_WEAK = YES;
				CLANG_WARN_BLOCK_CAPTURE_AUTORELEASING = YES;
				CLANG_WARN_BOOL_CONVERSION = YES;
				CLANG_WARN_COMMA = YES;
				CLANG_WARN_CONSTANT_CONVERSION = YES;
				CLANG_WARN_DEPRECATED_OBJC_IMPLEMENTATIONS = YES;
				CLANG_WARN_DIRECT_OBJC_ISA_USAGE = YES_ERROR;
				CLANG_WARN_DOCUMENTATION_COMMENTS = YES;
				CLANG_WARN_EMPTY_BODY = YES;
				CLANG_WARN_ENUM_CONVERSION = YES;
				CLANG_WARN_INFINITE_RECURSION = YES;
				CLANG_WARN_INT_CONVERSION = YES;
				CLANG_WARN_NON_LITERAL_NULL_CONVERSION = YES;
				CLANG_WARN_OBJC_IMPLICIT_RETAIN_SELF = YES;
				CLANG_WARN_OBJC_LITERAL_CONVERSION = YES;
				CLANG_WARN_OBJC_ROOT_CLASS = YES_ERROR;
				CLANG_WARN_QUOTED_INCLUDE_IN_FRAMEWORK_HEADER = YES;
				CLANG_WARN_RANGE_LOOP_ANALYSIS = YES;
				CLANG_WARN_STRICT_PROTOTYPES = YES;
				CLANG_WARN_SUSPICIOUS_MOVE = YES;
				CLANG_WARN_UNGUARDED_AVAILABILITY = YES_AGGRESSIVE;
				CLANG_WARN_UNREACHABLE_CODE = YES;
				CLANG_WARN__DUPLICATE_METHOD_MATCH = YES;
				COPY_PHASE_STRIP = NO;
				DEBUG_INFORMATION_FORMAT = "dwarf-with-dsym";
				ENABLE_NS_ASSERTIONS = NO;
				ENABLE_STRICT_OBJC_MSGSEND = YES;
				GCC_C_LANGUAGE_STANDARD = gnu11;
				GCC_NO_COMMON_BLOCKS = YES;
				GCC_WARN_64_TO_32_BIT_CONVERSION = YES;
				GCC_WARN_ABOUT_RETURN_TYPE = YES_ERROR;
				GCC_WARN_UNDECLARED_SELECTOR = YES;
				GCC_WARN_UNINITIALIZED_AUTOS = YES_AGGRESSIVE;
				GCC_WARN_UNUSED_FUNCTION = YES;
				GCC_WARN_UNUSED_VARIABLE = YES;
				IPHONEOS_DEPLOYMENT_TARGET = 15.0;
				MTL_ENABLE_DEBUG_INFO = NO;
				MTL_FAST_MATH = YES;
				SDKROOT = iphoneos;
				SWIFT_COMPILATION_MODE = wholemodule;
				SWIFT_OPTIMIZATION_LEVEL = "-O";
				VALIDATE_PRODUCT = YES;
			};
			name = Release;
		};
		93B4FF512950D43C00F178D7 /* Debug */ = {
			isa = XCBuildConfiguration;
			buildSettings = {
				ASSETCATALOG_COMPILER_APPICON_NAME = AppIcon;
				ASSETCATALOG_COMPILER_GLOBAL_ACCENT_COLOR_NAME = AccentColor;
				CODE_SIGN_STYLE = Automatic;
				CURRENT_PROJECT_VERSION = 1;
				DEVELOPMENT_ASSET_PATHS = "\"AzsProjectGroup/Preview Content\"";
				DEVELOPMENT_TEAM = 269JFZMZB7;
				ENABLE_PREVIEWS = YES;
				GENERATE_INFOPLIST_FILE = YES;
				INFOPLIST_KEY_NSLocationWhenInUseUsageDescription = "Разрешите вашу геолокацию для отображения вашего местоположения на карте";
				INFOPLIST_KEY_UIApplicationSceneManifest_Generation = YES;
				INFOPLIST_KEY_UIApplicationSupportsIndirectInputEvents = YES;
				INFOPLIST_KEY_UILaunchScreen_Generation = YES;
				INFOPLIST_KEY_UISupportedInterfaceOrientations = UIInterfaceOrientationPortrait;
				INFOPLIST_KEY_UISupportedInterfaceOrientations_iPad = "UIInterfaceOrientationLandscapeLeft UIInterfaceOrientationLandscapeRight UIInterfaceOrientationPortrait UIInterfaceOrientationPortraitUpsideDown";
				IPHONEOS_DEPLOYMENT_TARGET = 16.0;
				LD_RUNPATH_SEARCH_PATHS = (
					"$(inherited)",
					"@executable_path/Frameworks",
				);
				MARKETING_VERSION = 1.0;
				PRODUCT_BUNDLE_IDENTIFIER = ru.Hvrdwell.AzsProject;
				PRODUCT_NAME = "$(TARGET_NAME)";
				SUPPORTED_PLATFORMS = "iphoneos iphonesimulator";
				SUPPORTS_MACCATALYST = NO;
				SUPPORTS_MAC_DESIGNED_FOR_IPHONE_IPAD = YES;
				SWIFT_EMIT_LOC_STRINGS = YES;
				SWIFT_VERSION = 5.0;
				TARGETED_DEVICE_FAMILY = 1;
			};
			name = Debug;
		};
		93B4FF522950D43C00F178D7 /* Release */ = {
			isa = XCBuildConfiguration;
			buildSettings = {
				ASSETCATALOG_COMPILER_APPICON_NAME = AppIcon;
				ASSETCATALOG_COMPILER_GLOBAL_ACCENT_COLOR_NAME = AccentColor;
				CODE_SIGN_STYLE = Automatic;
				CURRENT_PROJECT_VERSION = 1;
				DEVELOPMENT_ASSET_PATHS = "\"AzsProjectGroup/Preview Content\"";
				DEVELOPMENT_TEAM = 269JFZMZB7;
				ENABLE_PREVIEWS = YES;
				GENERATE_INFOPLIST_FILE = YES;
				INFOPLIST_KEY_NSLocationWhenInUseUsageDescription = "Разрешите вашу геолокацию для отображения вашего местоположения на карте";
				INFOPLIST_KEY_UIApplicationSceneManifest_Generation = YES;
				INFOPLIST_KEY_UIApplicationSupportsIndirectInputEvents = YES;
				INFOPLIST_KEY_UILaunchScreen_Generation = YES;
				INFOPLIST_KEY_UISupportedInterfaceOrientations = UIInterfaceOrientationPortrait;
				INFOPLIST_KEY_UISupportedInterfaceOrientations_iPad = "UIInterfaceOrientationLandscapeLeft UIInterfaceOrientationLandscapeRight UIInterfaceOrientationPortrait UIInterfaceOrientationPortraitUpsideDown";
				IPHONEOS_DEPLOYMENT_TARGET = 16.0;
				LD_RUNPATH_SEARCH_PATHS = (
					"$(inherited)",
					"@executable_path/Frameworks",
				);
				MARKETING_VERSION = 1.0;
				PRODUCT_BUNDLE_IDENTIFIER = ru.Hvrdwell.AzsProject;
				PRODUCT_NAME = "$(TARGET_NAME)";
				SUPPORTED_PLATFORMS = "iphoneos iphonesimulator";
				SUPPORTS_MACCATALYST = NO;
				SUPPORTS_MAC_DESIGNED_FOR_IPHONE_IPAD = YES;
				SWIFT_EMIT_LOC_STRINGS = YES;
				SWIFT_VERSION = 5.0;
				TARGETED_DEVICE_FAMILY = 1;
			};
			name = Release;
		};
/* End XCBuildConfiguration section */

/* Begin XCConfigurationList section */
		93B4FF3D2950D43B00F178D7 /* Build configuration list for PBXProject "AzsProject" */ = {
			isa = XCConfigurationList;
			buildConfigurations = (
				93B4FF4E2950D43C00F178D7 /* Debug */,
				93B4FF4F2950D43C00F178D7 /* Release */,
			);
			defaultConfigurationIsVisible = 0;
			defaultConfigurationName = Release;
		};
		93B4FF502950D43C00F178D7 /* Build configuration list for PBXNativeTarget "AzsProject" */ = {
			isa = XCConfigurationList;
			buildConfigurations = (
				93B4FF512950D43C00F178D7 /* Debug */,
				93B4FF522950D43C00F178D7 /* Release */,
			);
			defaultConfigurationIsVisible = 0;
			defaultConfigurationName = Release;
		};
/* End XCConfigurationList section */

/* Begin XCRemoteSwiftPackageReference section */
		936C34CF295A52AE00BCF4F1 /* XCRemoteSwiftPackageReference "ScalingHeaderScrollView" */ = {
			isa = XCRemoteSwiftPackageReference;
			repositoryURL = "https://github.com/exyte/ScalingHeaderScrollView";
			requirement = {
				kind = upToNextMajorVersion;
				minimumVersion = 0.0.6;
			};
		};
		939C6DEF296373FE00F06C7E /* XCRemoteSwiftPackageReference "firebase-ios-sdk" */ = {
			isa = XCRemoteSwiftPackageReference;
			repositoryURL = "https://github.com/firebase/firebase-ios-sdk.git";
			requirement = {
				branch = master;
				kind = branch;
			};
		};
/* End XCRemoteSwiftPackageReference section */

/* Begin XCSwiftPackageProductDependency section */
		936C34D0295A52AE00BCF4F1 /* ScalingHeaderScrollView */ = {
			isa = XCSwiftPackageProductDependency;
			package = 936C34CF295A52AE00BCF4F1 /* XCRemoteSwiftPackageReference "ScalingHeaderScrollView" */;
			productName = ScalingHeaderScrollView;
		};
		939C6DF0296373FE00F06C7E /* FirebaseAnalytics */ = {
			isa = XCSwiftPackageProductDependency;
			package = 939C6DEF296373FE00F06C7E /* XCRemoteSwiftPackageReference "firebase-ios-sdk" */;
			productName = FirebaseAnalytics;
		};
		939C6DF2296373FE00F06C7E /* FirebaseAuth */ = {
			isa = XCSwiftPackageProductDependency;
			package = 939C6DEF296373FE00F06C7E /* XCRemoteSwiftPackageReference "firebase-ios-sdk" */;
			productName = FirebaseAuth;
		};
		939C6DF4296373FE00F06C7E /* FirebaseDatabase */ = {
			isa = XCSwiftPackageProductDependency;
			package = 939C6DEF296373FE00F06C7E /* XCRemoteSwiftPackageReference "firebase-ios-sdk" */;
			productName = FirebaseDatabase;
		};
		939C6DF6296373FE00F06C7E /* FirebaseStorage */ = {
			isa = XCSwiftPackageProductDependency;
			package = 939C6DEF296373FE00F06C7E /* XCRemoteSwiftPackageReference "firebase-ios-sdk" */;
			productName = FirebaseStorage;
		};
/* End XCSwiftPackageProductDependency section */
	};
	rootObject = 93B4FF3A2950D43B00F178D7 /* Project object */;
}
