// !$*UTF8*$!
{
	archiveVersion = 1;
	classes = {
	};
	objectVersion = 56;
	objects = {

/* Begin PBXBuildFile section */
		933B0B9F29579FB1000993CB /* LocationMapAnotationView.swift in Sources */ = {isa = PBXBuildFile; fileRef = 933B0B9E29579FB1000993CB /* LocationMapAnotationView.swift */; };
		933B0BA12957A092000993CB /* LocationViewModel.swift in Sources */ = {isa = PBXBuildFile; fileRef = 933B0BA02957A092000993CB /* LocationViewModel.swift */; };
		933B0BA42957A0BE000993CB /* LocationsDataService.swift in Sources */ = {isa = PBXBuildFile; fileRef = 933B0BA32957A0BE000993CB /* LocationsDataService.swift */; };
		933B0BA62957A0F8000993CB /* Location.swift in Sources */ = {isa = PBXBuildFile; fileRef = 933B0BA52957A0F8000993CB /* Location.swift */; };
		933B0BA82957A27E000993CB /* MapPage.swift in Sources */ = {isa = PBXBuildFile; fileRef = 933B0BA72957A27E000993CB /* MapPage.swift */; };
		936C34CE295A28EB00BCF4F1 /* TrendView.swift in Sources */ = {isa = PBXBuildFile; fileRef = 936C34CD295A28EB00BCF4F1 /* TrendView.swift */; };
		936C34D1295A52AE00BCF4F1 /* ScalingHeaderScrollView in Frameworks */ = {isa = PBXBuildFile; productRef = 936C34D0295A52AE00BCF4F1 /* ScalingHeaderScrollView */; };
		93B4FF462950D43B00F178D7 /* AzsTabBarApp.swift in Sources */ = {isa = PBXBuildFile; fileRef = 93B4FF452950D43B00F178D7 /* AzsTabBarApp.swift */; };
		93B4FF482950D43B00F178D7 /* ContentView.swift in Sources */ = {isa = PBXBuildFile; fileRef = 93B4FF472950D43B00F178D7 /* ContentView.swift */; };
		93B4FF4A2950D43C00F178D7 /* Assets.xcassets in Resources */ = {isa = PBXBuildFile; fileRef = 93B4FF492950D43C00F178D7 /* Assets.xcassets */; };
		93B4FF4D2950D43C00F178D7 /* Preview Assets.xcassets in Resources */ = {isa = PBXBuildFile; fileRef = 93B4FF4C2950D43C00F178D7 /* Preview Assets.xcassets */; };
		93B4FF572950D4B800F178D7 /* BaseView.swift in Sources */ = {isa = PBXBuildFile; fileRef = 93B4FF562950D4B800F178D7 /* BaseView.swift */; };
		93B4FF592950D4E000F178D7 /* BaseViewModel.swift in Sources */ = {isa = PBXBuildFile; fileRef = 93B4FF582950D4E000F178D7 /* BaseViewModel.swift */; };
		93B4FF5B2950E77900F178D7 /* CustomCurveShape.swift in Sources */ = {isa = PBXBuildFile; fileRef = 93B4FF5A2950E77900F178D7 /* CustomCurveShape.swift */; };
		93E8934429623E620077BDD0 /* QrCodeView.swift in Sources */ = {isa = PBXBuildFile; fileRef = 93E8934329623E620077BDD0 /* QrCodeView.swift */; };
		93F5A48A2958F6AA00A031B9 /* PromoView.swift in Sources */ = {isa = PBXBuildFile; fileRef = 93F5A4892958F6AA00A031B9 /* PromoView.swift */; };
		93F5A48C2958F6F700A031B9 /* Promo.swift in Sources */ = {isa = PBXBuildFile; fileRef = 93F5A48B2958F6F700A031B9 /* Promo.swift */; };
		93F5A48F2958FD3900A031B9 /* PromoOpen.swift in Sources */ = {isa = PBXBuildFile; fileRef = 93F5A48E2958FD3900A031B9 /* PromoOpen.swift */; };
/* End PBXBuildFile section */

/* Begin PBXFileReference section */
		933B0B9E29579FB1000993CB /* LocationMapAnotationView.swift */ = {isa = PBXFileReference; lastKnownFileType = sourcecode.swift; path = LocationMapAnotationView.swift; sourceTree = "<group>"; };
		933B0BA02957A092000993CB /* LocationViewModel.swift */ = {isa = PBXFileReference; lastKnownFileType = sourcecode.swift; path = LocationViewModel.swift; sourceTree = "<group>"; };
		933B0BA32957A0BE000993CB /* LocationsDataService.swift */ = {isa = PBXFileReference; lastKnownFileType = sourcecode.swift; path = LocationsDataService.swift; sourceTree = "<group>"; };
		933B0BA52957A0F8000993CB /* Location.swift */ = {isa = PBXFileReference; lastKnownFileType = sourcecode.swift; path = Location.swift; sourceTree = "<group>"; };
		933B0BA72957A27E000993CB /* MapPage.swift */ = {isa = PBXFileReference; lastKnownFileType = sourcecode.swift; path = MapPage.swift; sourceTree = "<group>"; };
		936C34CD295A28EB00BCF4F1 /* TrendView.swift */ = {isa = PBXFileReference; lastKnownFileType = sourcecode.swift; path = TrendView.swift; sourceTree = "<group>"; };
		93B4FF422950D43B00F178D7 /* AzsProject.app */ = {isa = PBXFileReference; explicitFileType = wrapper.application; includeInIndex = 0; path = AzsProject.app; sourceTree = BUILT_PRODUCTS_DIR; };
		93B4FF452950D43B00F178D7 /* AzsTabBarApp.swift */ = {isa = PBXFileReference; lastKnownFileType = sourcecode.swift; path = AzsTabBarApp.swift; sourceTree = "<group>"; };
		93B4FF472950D43B00F178D7 /* ContentView.swift */ = {isa = PBXFileReference; lastKnownFileType = sourcecode.swift; path = ContentView.swift; sourceTree = "<group>"; };
		93B4FF492950D43C00F178D7 /* Assets.xcassets */ = {isa = PBXFileReference; lastKnownFileType = folder.assetcatalog; path = Assets.xcassets; sourceTree = "<group>"; };
		93B4FF4C2950D43C00F178D7 /* Preview Assets.xcassets */ = {isa = PBXFileReference; lastKnownFileType = folder.assetcatalog; path = "Preview Assets.xcassets"; sourceTree = "<group>"; };
		93B4FF562950D4B800F178D7 /* BaseView.swift */ = {isa = PBXFileReference; lastKnownFileType = sourcecode.swift; path = BaseView.swift; sourceTree = "<group>"; };
		93B4FF582950D4E000F178D7 /* BaseViewModel.swift */ = {isa = PBXFileReference; lastKnownFileType = sourcecode.swift; path = BaseViewModel.swift; sourceTree = "<group>"; };
		93B4FF5A2950E77900F178D7 /* CustomCurveShape.swift */ = {isa = PBXFileReference; lastKnownFileType = sourcecode.swift; path = CustomCurveShape.swift; sourceTree = "<group>"; };
		93E8934329623E620077BDD0 /* QrCodeView.swift */ = {isa = PBXFileReference; lastKnownFileType = sourcecode.swift; path = QrCodeView.swift; sourceTree = "<group>"; };
		93F5A4892958F6AA00A031B9 /* PromoView.swift */ = {isa = PBXFileReference; lastKnownFileType = sourcecode.swift; path = PromoView.swift; sourceTree = "<group>"; };
		93F5A48B2958F6F700A031B9 /* Promo.swift */ = {isa = PBXFileReference; lastKnownFileType = sourcecode.swift; path = Promo.swift; sourceTree = "<group>"; };
		93F5A48E2958FD3900A031B9 /* PromoOpen.swift */ = {isa = PBXFileReference; lastKnownFileType = sourcecode.swift; path = PromoOpen.swift; sourceTree = "<group>"; };
/* End PBXFileReference section */

/* Begin PBXFrameworksBuildPhase section */
		93B4FF3F2950D43B00F178D7 /* Frameworks */ = {
			isa = PBXFrameworksBuildPhase;
			buildActionMask = 2147483647;
			files = (
				936C34D1295A52AE00BCF4F1 /* ScalingHeaderScrollView in Frameworks */,
			);
			runOnlyForDeploymentPostprocessing = 0;
		};
/* End PBXFrameworksBuildPhase section */

/* Begin PBXGroup section */
		933B0BA22957A0AB000993CB /* DataServices */ = {
			isa = PBXGroup;
			children = (
				933B0BA32957A0BE000993CB /* LocationsDataService.swift */,
			);
			path = DataServices;
			sourceTree = "<group>";
		};
		93B4FF392950D43B00F178D7 = {
			isa = PBXGroup;
			children = (
				93B4FF442950D43B00F178D7 /* AzsProjectGroup */,
				93B4FF432950D43B00F178D7 /* Products */,
			);
			sourceTree = "<group>";
		};
		93B4FF432950D43B00F178D7 /* Products */ = {
			isa = PBXGroup;
			children = (
				93B4FF422950D43B00F178D7 /* AzsProject.app */,
			);
			name = Products;
			sourceTree = "<group>";
		};
		93B4FF442950D43B00F178D7 /* AzsProjectGroup */ = {
			isa = PBXGroup;
			children = (
				933B0BA22957A0AB000993CB /* DataServices */,
				93B4FF552950D47F00F178D7 /* ViewModel */,
				93B4FF542950D44D00F178D7 /* View */,
				93B4FF532950D44600F178D7 /* Model */,
				93B4FF452950D43B00F178D7 /* AzsTabBarApp.swift */,
				93B4FF472950D43B00F178D7 /* ContentView.swift */,
				93B4FF492950D43C00F178D7 /* Assets.xcassets */,
				93B4FF4B2950D43C00F178D7 /* Preview Content */,
			);
			path = AzsProjectGroup;
			sourceTree = "<group>";
		};
		93B4FF4B2950D43C00F178D7 /* Preview Content */ = {
			isa = PBXGroup;
			children = (
				93B4FF4C2950D43C00F178D7 /* Preview Assets.xcassets */,
			);
			path = "Preview Content";
			sourceTree = "<group>";
		};
		93B4FF532950D44600F178D7 /* Model */ = {
			isa = PBXGroup;
			children = (
				933B0BA52957A0F8000993CB /* Location.swift */,
				93F5A48B2958F6F700A031B9 /* Promo.swift */,
			);
			path = Model;
			sourceTree = "<group>";
		};
		93B4FF542950D44D00F178D7 /* View */ = {
			isa = PBXGroup;
			children = (
				93E8934229623E4C0077BDD0 /* QrCode */,
				93F5A48D2958FCED00A031B9 /* Promo */,
				93F5A4882958F65A00A031B9 /* TabBar */,
				93F5A4872958F65100A031B9 /* Map */,
				93B4FF562950D4B800F178D7 /* BaseView.swift */,
			);
			path = View;
			sourceTree = "<group>";
		};
		93B4FF552950D47F00F178D7 /* ViewModel */ = {
			isa = PBXGroup;
			children = (
				93B4FF582950D4E000F178D7 /* BaseViewModel.swift */,
				933B0BA02957A092000993CB /* LocationViewModel.swift */,
			);
			path = ViewModel;
			sourceTree = "<group>";
		};
		93E8934229623E4C0077BDD0 /* QrCode */ = {
			isa = PBXGroup;
			children = (
				93E8934329623E620077BDD0 /* QrCodeView.swift */,
			);
			path = QrCode;
			sourceTree = "<group>";
		};
		93F5A4872958F65100A031B9 /* Map */ = {
			isa = PBXGroup;
			children = (
				933B0B9E29579FB1000993CB /* LocationMapAnotationView.swift */,
				933B0BA72957A27E000993CB /* MapPage.swift */,
			);
			path = Map;
			sourceTree = "<group>";
		};
		93F5A4882958F65A00A031B9 /* TabBar */ = {
			isa = PBXGroup;
			children = (
				93B4FF5A2950E77900F178D7 /* CustomCurveShape.swift */,
			);
			path = TabBar;
			sourceTree = "<group>";
		};
		93F5A48D2958FCED00A031B9 /* Promo */ = {
			isa = PBXGroup;
			children = (
				93F5A4892958F6AA00A031B9 /* PromoView.swift */,
				93F5A48E2958FD3900A031B9 /* PromoOpen.swift */,
				936C34CD295A28EB00BCF4F1 /* TrendView.swift */,
			);
			path = Promo;
			sourceTree = "<group>";
		};
/* End PBXGroup section */

/* Begin PBXNativeTarget section */
		93B4FF412950D43B00F178D7 /* AzsProject */ = {
			isa = PBXNativeTarget;
			buildConfigurationList = 93B4FF502950D43C00F178D7 /* Build configuration list for PBXNativeTarget "AzsProject" */;
			buildPhases = (
				93B4FF3E2950D43B00F178D7 /* Sources */,
				93B4FF3F2950D43B00F178D7 /* Frameworks */,
				93B4FF402950D43B00F178D7 /* Resources */,
			);
			buildRules = (
			);
			dependencies = (
			);
			name = AzsProject;
			packageProductDependencies = (
				936C34D0295A52AE00BCF4F1 /* ScalingHeaderScrollView */,
			);
			productName = AzsTabBar;
			productReference = 93B4FF422950D43B00F178D7 /* AzsProject.app */;
			productType = "com.apple.product-type.application";
		};
/* End PBXNativeTarget section */

/* Begin PBXProject section */
		93B4FF3A2950D43B00F178D7 /* Project object */ = {
			isa = PBXProject;
			attributes = {
				BuildIndependentTargetsInParallel = 1;
				LastSwiftUpdateCheck = 1420;
				LastUpgradeCheck = 1420;
				TargetAttributes = {
					93B4FF412950D43B00F178D7 = {
						CreatedOnToolsVersion = 14.2;
					};
				};
			};
			buildConfigurationList = 93B4FF3D2950D43B00F178D7 /* Build configuration list for PBXProject "AzsProject" */;
			compatibilityVersion = "Xcode 14.0";
			developmentRegion = en;
			hasScannedForEncodings = 0;
			knownRegions = (
				en,
				Base,
			);
			mainGroup = 93B4FF392950D43B00F178D7;
			packageReferences = (
				936C34CF295A52AE00BCF4F1 /* XCRemoteSwiftPackageReference "ScalingHeaderScrollView" */,
			);
			productRefGroup = 93B4FF432950D43B00F178D7 /* Products */;
			projectDirPath = "";
			projectRoot = "";
			targets = (
				93B4FF412950D43B00F178D7 /* AzsProject */,
			);
		};
/* End PBXProject section */

/* Begin PBXResourcesBuildPhase section */
		93B4FF402950D43B00F178D7 /* Resources */ = {
			isa = PBXResourcesBuildPhase;
			buildActionMask = 2147483647;
			files = (
				93B4FF4D2950D43C00F178D7 /* Preview Assets.xcassets in Resources */,
				93B4FF4A2950D43C00F178D7 /* Assets.xcassets in Resources */,
			);
			runOnlyForDeploymentPostprocessing = 0;
		};
/* End PBXResourcesBuildPhase section */

/* Begin PBXSourcesBuildPhase section */
		93B4FF3E2950D43B00F178D7 /* Sources */ = {
			isa = PBXSourcesBuildPhase;
			buildActionMask = 2147483647;
			files = (
				93B4FF572950D4B800F178D7 /* BaseView.swift in Sources */,
				93B4FF592950D4E000F178D7 /* BaseViewModel.swift in Sources */,
				933B0B9F29579FB1000993CB /* LocationMapAnotationView.swift in Sources */,
				933B0BA82957A27E000993CB /* MapPage.swift in Sources */,
				93B4FF5B2950E77900F178D7 /* CustomCurveShape.swift in Sources */,
				93F5A48A2958F6AA00A031B9 /* PromoView.swift in Sources */,
				933B0BA62957A0F8000993CB /* Location.swift in Sources */,
				936C34CE295A28EB00BCF4F1 /* TrendView.swift in Sources */,
				93F5A48C2958F6F700A031B9 /* Promo.swift in Sources */,
				933B0BA42957A0BE000993CB /* LocationsDataService.swift in Sources */,
				93F5A48F2958FD3900A031B9 /* PromoOpen.swift in Sources */,
				933B0BA12957A092000993CB /* LocationViewModel.swift in Sources */,
				93B4FF482950D43B00F178D7 /* ContentView.swift in Sources */,
				93B4FF462950D43B00F178D7 /* AzsTabBarApp.swift in Sources */,
				93E8934429623E620077BDD0 /* QrCodeView.swift in Sources */,
			);
			runOnlyForDeploymentPostprocessing = 0;
		};
/* End PBXSourcesBuildPhase section */

/* Begin XCBuildConfiguration section */
		93B4FF4E2950D43C00F178D7 /* Debug */ = {
			isa = XCBuildConfiguration;
			buildSettings = {
				ALWAYS_SEARCH_USER_PATHS = NO;
				CLANG_ANALYZER_NONNULL = YES;
				CLANG_ANALYZER_NUMBER_OBJECT_CONVERSION = YES_AGGRESSIVE;
				CLANG_CXX_LANGUAGE_STANDARD = "gnu++20";
				CLANG_ENABLE_MODULES = YES;
				CLANG_ENABLE_OBJC_ARC = YES;
				CLANG_ENABLE_OBJC_WEAK = YES;
				CLANG_WARN_BLOCK_CAPTURE_AUTORELEASING = YES;
				CLANG_WARN_BOOL_CONVERSION = YES;
				CLANG_WARN_COMMA = YES;
				CLANG_WARN_CONSTANT_CONVERSION = YES;
				CLANG_WARN_DEPRECATED_OBJC_IMPLEMENTATIONS = YES;
				CLANG_WARN_DIRECT_OBJC_ISA_USAGE = YES_ERROR;
				CLANG_WARN_DOCUMENTATION_COMMENTS = YES;
				CLANG_WARN_EMPTY_BODY = YES;
				CLANG_WARN_ENUM_CONVERSION = YES;
				CLANG_WARN_INFINITE_RECURSION = YES;
				CLANG_WARN_INT_CONVERSION = YES;
				CLANG_WARN_NON_LITERAL_NULL_CONVERSION = YES;
				CLANG_WARN_OBJC_IMPLICIT_RETAIN_SELF = YES;
				CLANG_WARN_OBJC_LITERAL_CONVERSION = YES;
				CLANG_WARN_OBJC_ROOT_CLASS = YES_ERROR;
				CLANG_WARN_QUOTED_INCLUDE_IN_FRAMEWORK_HEADER = YES;
				CLANG_WARN_RANGE_LOOP_ANALYSIS = YES;
				CLANG_WARN_STRICT_PROTOTYPES = YES;
				CLANG_WARN_SUSPICIOUS_MOVE = YES;
				CLANG_WARN_UNGUARDED_AVAILABILITY = YES_AGGRESSIVE;
				CLANG_WARN_UNREACHABLE_CODE = YES;
				CLANG_WARN__DUPLICATE_METHOD_MATCH = YES;
				COPY_PHASE_STRIP = NO;
				DEBUG_INFORMATION_FORMAT = dwarf;
				ENABLE_STRICT_OBJC_MSGSEND = YES;
				ENABLE_TESTABILITY = YES;
				GCC_C_LANGUAGE_STANDARD = gnu11;
				GCC_DYNAMIC_NO_PIC = NO;
				GCC_NO_COMMON_BLOCKS = YES;
				GCC_OPTIMIZATION_LEVEL = 0;
				GCC_PREPROCESSOR_DEFINITIONS = (
					"DEBUG=1",
					"$(inherited)",
				);
				GCC_WARN_64_TO_32_BIT_CONVERSION = YES;
				GCC_WARN_ABOUT_RETURN_TYPE = YES_ERROR;
				GCC_WARN_UNDECLARED_SELECTOR = YES;
				GCC_WARN_UNINITIALIZED_AUTOS = YES_AGGRESSIVE;
				GCC_WARN_UNUSED_FUNCTION = YES;
				GCC_WARN_UNUSED_VARIABLE = YES;
				IPHONEOS_DEPLOYMENT_TARGET = 16.2;
				MTL_ENABLE_DEBUG_INFO = INCLUDE_SOURCE;
				MTL_FAST_MATH = YES;
				ONLY_ACTIVE_ARCH = YES;
				SDKROOT = iphoneos;
				SWIFT_ACTIVE_COMPILATION_CONDITIONS = DEBUG;
				SWIFT_OPTIMIZATION_LEVEL = "-Onone";
			};
			name = Debug;
		};
		93B4FF4F2950D43C00F178D7 /* Release */ = {
			isa = XCBuildConfiguration;
			buildSettings = {
				ALWAYS_SEARCH_USER_PATHS = NO;
				CLANG_ANALYZER_NONNULL = YES;
				CLANG_ANALYZER_NUMBER_OBJECT_CONVERSION = YES_AGGRESSIVE;
				CLANG_CXX_LANGUAGE_STANDARD = "gnu++20";
				CLANG_ENABLE_MODULES = YES;
				CLANG_ENABLE_OBJC_ARC = YES;
				CLANG_ENABLE_OBJC_WEAK = YES;
				CLANG_WARN_BLOCK_CAPTURE_AUTORELEASING = YES;
				CLANG_WARN_BOOL_CONVERSION = YES;
				CLANG_WARN_COMMA = YES;
				CLANG_WARN_CONSTANT_CONVERSION = YES;
				CLANG_WARN_DEPRECATED_OBJC_IMPLEMENTATIONS = YES;
				CLANG_WARN_DIRECT_OBJC_ISA_USAGE = YES_ERROR;
				CLANG_WARN_DOCUMENTATION_COMMENTS = YES;
				CLANG_WARN_EMPTY_BODY = YES;
				CLANG_WARN_ENUM_CONVERSION = YES;
				CLANG_WARN_INFINITE_RECURSION = YES;
				CLANG_WARN_INT_CONVERSION = YES;
				CLANG_WARN_NON_LITERAL_NULL_CONVERSION = YES;
				CLANG_WARN_OBJC_IMPLICIT_RETAIN_SELF = YES;
				CLANG_WARN_OBJC_LITERAL_CONVERSION = YES;
				CLANG_WARN_OBJC_ROOT_CLASS = YES_ERROR;
				CLANG_WARN_QUOTED_INCLUDE_IN_FRAMEWORK_HEADER = YES;
				CLANG_WARN_RANGE_LOOP_ANALYSIS = YES;
				CLANG_WARN_STRICT_PROTOTYPES = YES;
				CLANG_WARN_SUSPICIOUS_MOVE = YES;
				CLANG_WARN_UNGUARDED_AVAILABILITY = YES_AGGRESSIVE;
				CLANG_WARN_UNREACHABLE_CODE = YES;
				CLANG_WARN__DUPLICATE_METHOD_MATCH = YES;
				COPY_PHASE_STRIP = NO;
				DEBUG_INFORMATION_FORMAT = "dwarf-with-dsym";
				ENABLE_NS_ASSERTIONS = NO;
				ENABLE_STRICT_OBJC_MSGSEND = YES;
				GCC_C_LANGUAGE_STANDARD = gnu11;
				GCC_NO_COMMON_BLOCKS = YES;
				GCC_WARN_64_TO_32_BIT_CONVERSION = YES;
				GCC_WARN_ABOUT_RETURN_TYPE = YES_ERROR;
				GCC_WARN_UNDECLARED_SELECTOR = YES;
				GCC_WARN_UNINITIALIZED_AUTOS = YES_AGGRESSIVE;
				GCC_WARN_UNUSED_FUNCTION = YES;
				GCC_WARN_UNUSED_VARIABLE = YES;
				IPHONEOS_DEPLOYMENT_TARGET = 16.2;
				MTL_ENABLE_DEBUG_INFO = NO;
				MTL_FAST_MATH = YES;
				SDKROOT = iphoneos;
				SWIFT_COMPILATION_MODE = wholemodule;
				SWIFT_OPTIMIZATION_LEVEL = "-O";
				VALIDATE_PRODUCT = YES;
			};
			name = Release;
		};
		93B4FF512950D43C00F178D7 /* Debug */ = {
			isa = XCBuildConfiguration;
			buildSettings = {
				ASSETCATALOG_COMPILER_APPICON_NAME = AppIcon;
				ASSETCATALOG_COMPILER_GLOBAL_ACCENT_COLOR_NAME = AccentColor;
				CODE_SIGN_STYLE = Automatic;
				CURRENT_PROJECT_VERSION = 1;
				DEVELOPMENT_ASSET_PATHS = "\"AzsProjectGroup/Preview Content\"";
				DEVELOPMENT_TEAM = 269JFZMZB7;
				ENABLE_PREVIEWS = YES;
				GENERATE_INFOPLIST_FILE = YES;
				INFOPLIST_KEY_UIApplicationSceneManifest_Generation = YES;
				INFOPLIST_KEY_UIApplicationSupportsIndirectInputEvents = YES;
				INFOPLIST_KEY_UILaunchScreen_Generation = YES;
				INFOPLIST_KEY_UISupportedInterfaceOrientations = UIInterfaceOrientationPortrait;
				INFOPLIST_KEY_UISupportedInterfaceOrientations_iPad = "UIInterfaceOrientationLandscapeLeft UIInterfaceOrientationLandscapeRight UIInterfaceOrientationPortrait UIInterfaceOrientationPortraitUpsideDown";
				LD_RUNPATH_SEARCH_PATHS = (
					"$(inherited)",
					"@executable_path/Frameworks",
				);
				MARKETING_VERSION = 1.0;
				PRODUCT_BUNDLE_IDENTIFIER = ru.Hvrdwell.AzsProject;
				PRODUCT_NAME = "$(TARGET_NAME)";
				SUPPORTED_PLATFORMS = "iphoneos iphonesimulator";
				SUPPORTS_MACCATALYST = NO;
				SUPPORTS_MAC_DESIGNED_FOR_IPHONE_IPAD = YES;
				SWIFT_EMIT_LOC_STRINGS = YES;
				SWIFT_VERSION = 5.0;
				TARGETED_DEVICE_FAMILY = 1;
			};
			name = Debug;
		};
		93B4FF522950D43C00F178D7 /* Release */ = {
			isa = XCBuildConfiguration;
			buildSettings = {
				ASSETCATALOG_COMPILER_APPICON_NAME = AppIcon;
				ASSETCATALOG_COMPILER_GLOBAL_ACCENT_COLOR_NAME = AccentColor;
				CODE_SIGN_STYLE = Automatic;
				CURRENT_PROJECT_VERSION = 1;
				DEVELOPMENT_ASSET_PATHS = "\"AzsProjectGroup/Preview Content\"";
				DEVELOPMENT_TEAM = 269JFZMZB7;
				ENABLE_PREVIEWS = YES;
				GENERATE_INFOPLIST_FILE = YES;
				INFOPLIST_KEY_UIApplicationSceneManifest_Generation = YES;
				INFOPLIST_KEY_UIApplicationSupportsIndirectInputEvents = YES;
				INFOPLIST_KEY_UILaunchScreen_Generation = YES;
				INFOPLIST_KEY_UISupportedInterfaceOrientations = UIInterfaceOrientationPortrait;
				INFOPLIST_KEY_UISupportedInterfaceOrientations_iPad = "UIInterfaceOrientationLandscapeLeft UIInterfaceOrientationLandscapeRight UIInterfaceOrientationPortrait UIInterfaceOrientationPortraitUpsideDown";
				LD_RUNPATH_SEARCH_PATHS = (
					"$(inherited)",
					"@executable_path/Frameworks",
				);
				MARKETING_VERSION = 1.0;
				PRODUCT_BUNDLE_IDENTIFIER = ru.Hvrdwell.AzsProject;
				PRODUCT_NAME = "$(TARGET_NAME)";
				SUPPORTED_PLATFORMS = "iphoneos iphonesimulator";
				SUPPORTS_MACCATALYST = NO;
				SUPPORTS_MAC_DESIGNED_FOR_IPHONE_IPAD = YES;
				SWIFT_EMIT_LOC_STRINGS = YES;
				SWIFT_VERSION = 5.0;
				TARGETED_DEVICE_FAMILY = 1;
			};
			name = Release;
		};
/* End XCBuildConfiguration section */

/* Begin XCConfigurationList section */
		93B4FF3D2950D43B00F178D7 /* Build configuration list for PBXProject "AzsProject" */ = {
			isa = XCConfigurationList;
			buildConfigurations = (
				93B4FF4E2950D43C00F178D7 /* Debug */,
				93B4FF4F2950D43C00F178D7 /* Release */,
			);
			defaultConfigurationIsVisible = 0;
			defaultConfigurationName = Release;
		};
		93B4FF502950D43C00F178D7 /* Build configuration list for PBXNativeTarget "AzsProject" */ = {
			isa = XCConfigurationList;
			buildConfigurations = (
				93B4FF512950D43C00F178D7 /* Debug */,
				93B4FF522950D43C00F178D7 /* Release */,
			);
			defaultConfigurationIsVisible = 0;
			defaultConfigurationName = Release;
		};
/* End XCConfigurationList section */

/* Begin XCRemoteSwiftPackageReference section */
		936C34CF295A52AE00BCF4F1 /* XCRemoteSwiftPackageReference "ScalingHeaderScrollView" */ = {
			isa = XCRemoteSwiftPackageReference;
			repositoryURL = "https://github.com/exyte/ScalingHeaderScrollView";
			requirement = {
				kind = upToNextMajorVersion;
				minimumVersion = 0.0.6;
			};
		};
/* End XCRemoteSwiftPackageReference section */

/* Begin XCSwiftPackageProductDependency section */
		936C34D0295A52AE00BCF4F1 /* ScalingHeaderScrollView */ = {
			isa = XCSwiftPackageProductDependency;
			package = 936C34CF295A52AE00BCF4F1 /* XCRemoteSwiftPackageReference "ScalingHeaderScrollView" */;
			productName = ScalingHeaderScrollView;
		};
/* End XCSwiftPackageProductDependency section */
	};
	rootObject = 93B4FF3A2950D43B00F178D7 /* Project object */;
}
